
Microsoft Visual Studio Solution File, Format Version 12.00
# Visual Studio Version 17
VisualStudioVersion = 17.12.35527.113
MinimumVisualStudioVersion = 10.0.40219.1
Project("{8BC9CEB8-8B4A-11D0-8D11-00A0C91BC942}") = "IPcalc", "IPcalc\IPcalc.vcxproj", "{FB52D9C2-8F50-4042-B57B-8E4AD89F8FE0}"
EndProject
Project("{8BC9CEB8-8B4A-11D0-8D11-00A0C91BC942}") = "WinSockServer", "WinSockServer\WinSockServer.vcxproj", "{2D391E98-A3B6-400A-9DB6-A735D2CD8CA9}"
EndProject
Project("{8BC9CEB8-8B4A-11D0-8D11-00A0C91BC942}") = "WinSockClient", "WinSockClient\WinSockClient.vcxproj", "{62217ABF-6A31-42D1-AF70-4271557E5BB3}"
EndProject
Global
	GlobalSection(SolutionConfigurationPlatforms) = preSolution
		Debug|x64 = Debug|x64
		Debug|x86 = Debug|x86
		Release|x64 = Release|x64
		Release|x86 = Release|x86
	EndGlobalSection
	GlobalSection(ProjectConfigurationPlatforms) = postSolution
		{FB52D9C2-8F50-4042-B57B-8E4AD89F8FE0}.Debug|x64.ActiveCfg = Debug|x64
		{FB52D9C2-8F50-4042-B57B-8E4AD89F8FE0}.Debug|x64.Build.0 = Debug|x64
		{FB52D9C2-8F50-4042-B57B-8E4AD89F8FE0}.Debug|x86.ActiveCfg = Debug|Win32
		{FB52D9C2-8F50-4042-B57B-8E4AD89F8FE0}.Debug|x86.Build.0 = Debug|Win32
		{FB52D9C2-8F50-4042-B57B-8E4AD89F8FE0}.Release|x64.ActiveCfg = Release|x64
		{FB52D9C2-8F50-4042-B57B-8E4AD89F8FE0}.Release|x64.Build.0 = Release|x64
		{FB52D9C2-8F50-4042-B57B-8E4AD89F8FE0}.Release|x86.ActiveCfg = Release|Win32
		{FB52D9C2-8F50-4042-B57B-8E4AD89F8FE0}.Release|x86.Build.0 = Release|Win32
		{2D391E98-A3B6-400A-9DB6-A735D2CD8CA9}.Debug|x64.ActiveCfg = Debug|x64
		{2D391E98-A3B6-400A-9DB6-A735D2CD8CA9}.Debug|x64.Build.0 = Debug|x64
		{2D391E98-A3B6-400A-9DB6-A735D2CD8CA9}.Debug|x86.ActiveCfg = Debug|Win32
		{2D391E98-A3B6-400A-9DB6-A735D2CD8CA9}.Debug|x86.Build.0 = Debug|Win32
		{2D391E98-A3B6-400A-9DB6-A735D2CD8CA9}.Release|x64.ActiveCfg = Release|x64
		{2D391E98-A3B6-400A-9DB6-A735D2CD8CA9}.Release|x64.Build.0 = Release|x64
		{2D391E98-A3B6-400A-9DB6-A735D2CD8CA9}.Release|x86.ActiveCfg = Release|Win32
		{2D391E98-A3B6-400A-9DB6-A735D2CD8CA9}.Release|x86.Build.0 = Release|Win32
		{62217ABF-6A31-42D1-AF70-4271557E5BB3}.Debug|x64.ActiveCfg = Debug|x64
		{62217ABF-6A31-42D1-AF70-4271557E5BB3}.Debug|x64.Build.0 = Debug|x64
		{62217ABF-6A31-42D1-AF70-4271557E5BB3}.Debug|x86.ActiveCfg = Debug|Win32
		{62217ABF-6A31-42D1-AF70-4271557E5BB3}.Debug|x86.Build.0 = Debug|Win32
		{62217ABF-6A31-42D1-AF70-4271557E5BB3}.Release|x64.ActiveCfg = Release|x64
		{62217ABF-6A31-42D1-AF70-4271557E5BB3}.Release|x64.Build.0 = Release|x64
		{62217ABF-6A31-42D1-AF70-4271557E5BB3}.Release|x86.ActiveCfg = Release|Win32
		{62217ABF-6A31-42D1-AF70-4271557E5BB3}.Release|x86.Build.0 = Release|Win32
	EndGlobalSection
	GlobalSection(SolutionProperties) = preSolution
		HideSolutionNode = FALSE
	EndGlobalSection
EndGlobal
